<?xml version="1.0" encoding="utf-8"?>
<Project ToolsVersion="4.0" xmlns="http://schemas.microsoft.com/developer/msbuild/2003">
  <ItemGroup>
    <Filter Include="Source Files">
      <UniqueIdentifier>{4FC737F1-C7A5-4376-A066-2A32D752A2FF}</UniqueIdentifier>
      <Extensions>qml;cpp;c;cc;cxx;def;odl;idl;hpj;bat;asm;asmx</Extensions>
    </Filter>
    <Filter Include="Header Files">
      <UniqueIdentifier>{93995380-89BD-4b04-88EB-625FBE52EBFB}</UniqueIdentifier>
      <Extensions>h;hh;hpp;hxx;hm;inl;inc;xsd</Extensions>
    </Filter>
    <Filter Include="Form Files">
      <UniqueIdentifier>{99349809-55BA-4b9d-BF79-8FDBB0286EB3}</UniqueIdentifier>
      <Extensions>ui</Extensions>
    </Filter>
    <Filter Include="Translation Files">
      <UniqueIdentifier>{639EADAA-A684-42e4-A9AD-28FC9BCB8F7C}</UniqueIdentifier>
      <Extensions>ts</Extensions>
    </Filter>
    <Filter Include="Custom Qt Files">
      <UniqueIdentifier>{09c25faf-52f9-4ccb-b9a9-b26dbbc8ec97}</UniqueIdentifier>
    </Filter>
    <Filter Include="Resource Files">
      <UniqueIdentifier>{67DA6AB6-F800-4c08-8B7A-83BB121AAD01}</UniqueIdentifier>
      <Extensions>qrc;rc;ico;cur;bmp;dlg;rc2;rct;bin;rgs;gif;jpg;jpeg;jpe;resx;tiff;tif;png;wav;mfcribbon-ms</Extensions>
    </Filter>
    <Filter Include="Minecraft">
      <UniqueIdentifier>{c0a20697-8c72-4604-b121-5dcd320c5596}</UniqueIdentifier>
    </Filter>
    <Filter Include="Minecraft\Servers">
      <UniqueIdentifier>{04374f31-57e4-49fe-baaa-a1f5431bf12f}</UniqueIdentifier>
    </Filter>
    <Filter Include="Hashes">
      <UniqueIdentifier>{28a77ec8-3d00-4626-aad3-246bf95d6060}</UniqueIdentifier>
    </Filter>
    <Filter Include="Web">
      <UniqueIdentifier>{4d83afe9-92e2-47cd-9cf0-2a458edab63f}</UniqueIdentifier>
    </Filter>
    <Filter Include="Web\Download">
      <UniqueIdentifier>{b029d65b-8b12-4616-89fa-5f1b0ff2b48f}</UniqueIdentifier>
    </Filter>
  </ItemGroup>
  <ItemGroup>
    <ClCompile Include="main.cpp">
      <Filter>Source Files</Filter>
    </ClCompile>
    <ClCompile Include="Callbacks\CallbackDict.cpp">
      <Filter>Source Files</Filter>
    </ClCompile>
    <ClCompile Include="Web\DownloadClasses.cpp">
      <Filter>Source Files</Filter>
    </ClCompile>
    <ClCompile Include="Databases\SQLBased.cpp">
      <Filter>Source Files</Filter>
    </ClCompile>
    <ClCompile Include="Minecraft\Mods.cpp">
      <Filter>Source Files</Filter>
    </ClCompile>
    <ClCompile Include="basic_xml.cpp">
      <Filter>Source Files</Filter>
    </ClCompile>
    <ClCompile Include="QObjects\Threads\FunThread.cpp">
      <Filter>Source Files</Filter>
    </ClCompile>
    <ClCompile Include="Archives\Archives.cpp">
      <Filter>Source Files</Filter>
    </ClCompile>
    <ClCompile Include="Moc\Logger\MocIOStream.cpp">
      <Filter>Source Files</Filter>
    </ClCompile>
    <ClCompile Include="QObjects\HoveredFrame.cpp">
      <Filter>Custom Qt Files</Filter>
    </ClCompile>
    <ClCompile Include="Form\ServerChangerForm.cpp">
      <Filter>Custom Qt Files</Filter>
    </ClCompile>
    <ClCompile Include="Form\SettingsDialog.cpp">
      <Filter>Custom Qt Files</Filter>
    </ClCompile>
    <ClCompile Include="QObjects\SomSlider.cpp">
      <Filter>Custom Qt Files</Filter>
    </ClCompile>
    <ClCompile Include="Form\ServerWidget.cpp">
      <Filter>Custom Qt Files</Filter>
    </ClCompile>
    <ClCompile Include="QObjects\ClickableLabel.cpp">
      <Filter>Custom Qt Files</Filter>
    </ClCompile>
    <ClCompile Include="Form\SomLauncherMainWindow.cpp">
      <Filter>Custom Qt Files</Filter>
    </ClCompile>
    <ClCompile Include="Form\MainWindowExtensions.cpp">
      <Filter>Custom Qt Files</Filter>
    </ClCompile>
    <ClCompile Include="Servers\ServerTypes.cpp">
      <Filter>Source Files</Filter>
    </ClCompile>
    <ClCompile Include="Upgrader.cpp">
      <Filter>Source Files</Filter>
    </ClCompile>
    <ClCompile Include="Exceptions\FileOutsideMinecraftDirectoryException.cpp">
      <Filter>Source Files</Filter>
    </ClCompile>
    <ClCompile Include="QObjects\Images\ImageEditing.cpp">
      <Filter>Source Files</Filter>
    </ClCompile>
    <ClCompile Include="QObjects\SignalLabel.cpp">
      <Filter>Custom Qt Files</Filter>
    </ClCompile>
    <ClCompile Include="Minecraft\Minecraftus.cpp">
      <Filter>Minecraft</Filter>
    </ClCompile>
    <ClCompile Include="Minecraft\NativesInstaller.cpp">
      <Filter>Source Files</Filter>
    </ClCompile>
    <ClCompile Include="Form\LoginAccountForm.cpp">
      <Filter>Custom Qt Files</Filter>
    </ClCompile>
    <ClCompile Include="Form\NewsViewWidget.cpp">
      <Filter>Custom Qt Files</Filter>
    </ClCompile>
    <ClCompile Include="Form\SingleNewsItemWidget.cpp">
      <Filter>Custom Qt Files</Filter>
    </ClCompile>
    <ClCompile Include="Client\StartProcess.cpp">
      <Filter>Source Files</Filter>
    </ClCompile>
    <ClCompile Include="Form\TopSlideFrameWidget.cpp">
      <Filter>Custom Qt Files</Filter>
    </ClCompile>
    <ClCompile Include="Encryption\PBKDF2SHA256.cpp">
      <Filter>Source Files</Filter>
    </ClCompile>
    <ClCompile Include="Encryption\LZMA\LzmaDecompress.cpp">
      <Filter>Source Files</Filter>
    </ClCompile>
    <ClCompile Include="Minecraft\Servers\ServerDatConfiguration.cpp">
      <Filter>Minecraft\Servers</Filter>
    </ClCompile>
    <ClCompile Include="QObjects\Threads\UIThread.cpp">
      <Filter>Custom Qt Files</Filter>
    </ClCompile>
    <ClCompile Include="QObjects\Threads\LambdaTask.cpp">
      <Filter>Source Files</Filter>
    </ClCompile>
    <ClCompile Include="Callbacks\QCallback.cpp">
      <Filter>Source Files</Filter>
    </ClCompile>
    <ClCompile Include="Hashes\Crypto.cpp">
      <Filter>Hashes</Filter>
    </ClCompile>
    <ClCompile Include="Web\Download\Download.cpp">
      <Filter>Web\Download</Filter>
    </ClCompile>
    <ClCompile Include="Additionals\Additionals.cpp">
      <Filter>Source Files</Filter>
    </ClCompile>
    <ClCompile Include="Json\Json\Json.cpp">
      <Filter>Source Files</Filter>
    </ClCompile>
    <ClCompile Include="Json\Json\JsonParcer.cpp">
      <Filter>Source Files</Filter>
    </ClCompile>
  </ItemGroup>
  <ItemGroup>
    <ClInclude Include="resource.h">
      <Filter>Header Files</Filter>
    </ClInclude>
    <ClInclude Include="Web\DownloadClasses.h">
      <Filter>Header Files</Filter>
    </ClInclude>
    <ClInclude Include="Databases\SQLBased.h">
      <Filter>Header Files</Filter>
    </ClInclude>
    <ClInclude Include="Minecraft\Mods.h">
      <Filter>Header Files</Filter>
    </ClInclude>
    <ClInclude Include="basic_xml.h">
      <Filter>Header Files</Filter>
    </ClInclude>
    <ClInclude Include="Archives\Archives.h">
      <Filter>Header Files</Filter>
    </ClInclude>
    <ClInclude Include="Moc\Logger\MocIOStream.h">
      <Filter>Header Files</Filter>
    </ClInclude>
    <ClInclude Include="Archives\qzipreader_p.h">
      <Filter>Header Files</Filter>
    </ClInclude>
    <ClInclude Include="Archives\qzipwriter_p.h">
      <Filter>Header Files</Filter>
    </ClInclude>
    <ClInclude Include="QObjects\SomSlider.h">
      <Filter>Custom Qt Files</Filter>
    </ClInclude>
    <ClInclude Include="Servers\ServerTypes.h">
      <Filter>Header Files</Filter>
    </ClInclude>
    <ClInclude Include="Upgrader.h">
      <Filter>Header Files</Filter>
    </ClInclude>
    <ClInclude Include="Hashes\sha1.h">
      <Filter>Header Files</Filter>
    </ClInclude>
    <ClInclude Include="Exceptions\FileOutsideMinecraftDirectoryException.h">
      <Filter>Header Files</Filter>
    </ClInclude>
    <ClInclude Include="Exceptions\TerminateProgrammException.h">
      <Filter>Header Files</Filter>
    </ClInclude>
    <ClInclude Include="QObjects\Images\ImageEditing.h">
      <Filter>Custom Qt Files</Filter>
    </ClInclude>
    <ClInclude Include="Callbacks\CallbackDict.h">
      <Filter>Header Files</Filter>
    </ClInclude>
    <ClInclude Include="Minecraft\Utils\StringUtils.h">
      <Filter>Header Files</Filter>
    </ClInclude>
    <ClInclude Include="Minecraft\Minecraftus.h">
      <Filter>Minecraft</Filter>
    </ClInclude>
    <ClInclude Include="Minecraft\MinecraftOptions.h">
      <Filter>Minecraft</Filter>
    </ClInclude>
    <ClInclude Include="Minecraft\NativesInstaller.h">
      <Filter>Header Files</Filter>
    </ClInclude>
    <ClInclude Include="Client\StartProcess.h">
      <Filter>Header Files</Filter>
    </ClInclude>
    <ClInclude Include="Encryption\PBKDF2SHA256.h">
      <Filter>Header Files</Filter>
    </ClInclude>
    <ClInclude Include="Encryption\LZMA\LzmaDecompress.h">
      <Filter>Header Files</Filter>
    </ClInclude>
    <ClInclude Include="Minecraft\Servers\ServerDatConfiguration.h">
      <Filter>Minecraft\Servers</Filter>
    </ClInclude>
    <ClInclude Include="Web\Download\Download.h">
      <Filter>Header Files</Filter>
    </ClInclude>
    <ClInclude Include="QObjects\Threads\LambdaTask.h">
      <Filter>Header Files</Filter>
    </ClInclude>
    <ClInclude Include="Callbacks\QCallback.h">
      <Filter>Header Files</Filter>
    </ClInclude>
    <ClInclude Include="Hashes\Crypto.h">
      <Filter>Hashes</Filter>
    </ClInclude>
    <ClInclude Include="Additionals\Additionals.h">
      <Filter>Header Files</Filter>
    </ClInclude>
    <ClInclude Include="Json\Json\Json.h">
      <Filter>Header Files</Filter>
    </ClInclude>
    <ClInclude Include="Json\Json\JsonParcer.h">
      <Filter>Header Files</Filter>
    </ClInclude>
    <ClInclude Include="Json\Json\JsonTypes.h">
      <Filter>Header Files</Filter>
    </ClInclude>
    <ClInclude Include="Json\SomJson.h">
      <Filter>Header Files</Filter>
    </ClInclude>
  </ItemGroup>
  <ItemGroup>
    <None Include="all.json" />
    <None Include="DATA.json" />
    <None Include="SERVERS.json" />
    <None Include="TODO_List.md" />
    <None Include="cpp.hint" />
    <None Include="SomLauncherCpp.pro" />
    <None Include="SOMCONFIG_template.json" />
    <None Include="resources\StyleSheets\Wstartpage_modyfied.qss">
      <Filter>Resource Files</Filter>
    </None>
    <None Include="Form\StyleSheets\Wstartpage.qss" />
    <None Include="Form\StyleSheets\Cstartpage.qss" />
    <None Include="Form\StyleSheets\Diffnes.qss" />
    <None Include="Form\StyleSheets\Fibers.qss" />
    <None Include="Form\StyleSheets\Fibrary.qss" />
    <None Include="Form\StyleSheets\Irrorater.qss" />
    <None Include="Form\StyleSheets\Toolery.qss" />
  </ItemGroup>
  <ItemGroup>
    <QtMoc Include="QObjects\Threads\FunThread.h">
      <Filter>Header Files</Filter>
    </QtMoc>
    <QtMoc Include="QObjects\HoveredFrame.h">
      <Filter>Custom Qt Files</Filter>
    </QtMoc>
    <QtMoc Include="QObjects\ClickableLabel.h">
      <Filter>Custom Qt Files</Filter>
    </QtMoc>
    <QtMoc Include="Form\ServerChangerForm.h">
      <Filter>Custom Qt Files</Filter>
    </QtMoc>
    <QtMoc Include="Form\ServerWidget.h">
      <Filter>Custom Qt Files</Filter>
    </QtMoc>
    <QtMoc Include="Form\SettingsDialog.h">
      <Filter>Custom Qt Files</Filter>
    </QtMoc>
    <QtMoc Include="Form\SomLauncherMainWindow.h">
      <Filter>Custom Qt Files</Filter>
    </QtMoc>
    <QtMoc Include="QObjects\SignalLabel.h">
      <Filter>Custom Qt Files</Filter>
    </QtMoc>
    <QtMoc Include="Form\LoginAccountForm.h">
      <Filter>Custom Qt Files</Filter>
    </QtMoc>
    <QtMoc Include="Form\NewsViewWidget.h">
      <Filter>Custom Qt Files</Filter>
    </QtMoc>
    <QtMoc Include="Form\SingleNewsItemWidget.h">
      <Filter>Custom Qt Files</Filter>
    </QtMoc>
    <QtMoc Include="Form\TopSlideFrameWidget.h">
      <Filter>Custom Qt Files</Filter>
    </QtMoc>
    <QtMoc Include="QObjects\Threads\UIThread.h">
      <Filter>Custom Qt Files</Filter>
    </QtMoc>
  </ItemGroup>
  <ItemGroup>
    <QtUic Include="Form\SomLauncherMainWindow.ui">
      <Filter>Form Files</Filter>
    </QtUic>
    <QtUic Include="Form\ServerChangerForm.ui">
      <Filter>Form Files</Filter>
    </QtUic>
    <QtUic Include="Form\ServerWidget.ui">
      <Filter>Form Files</Filter>
    </QtUic>
    <QtUic Include="Form\SettingsDialog.ui">
      <Filter>Form Files</Filter>
    </QtUic>
    <QtUic Include="Form\LoginAccountForm.ui">
      <Filter>Form Files</Filter>
    </QtUic>
    <QtUic Include="Form\NewsViewWidget.ui">
      <Filter>Form Files</Filter>
    </QtUic>
    <QtUic Include="Form\SingleNewsItemWidget.ui">
      <Filter>Form Files</Filter>
    </QtUic>
    <QtUic Include="Form\TopSlideFrameWidget.ui">
      <Filter>Form Files</Filter>
    </QtUic>
  </ItemGroup>
  <ItemGroup>
    <Image Include="resources\som.ico">
      <Filter>Resource Files</Filter>
    </Image>
    <Image Include="resources\som.png">
      <Filter>Resource Files</Filter>
    </Image>
  </ItemGroup>
  <ItemGroup>
    <QtTranslation Include="translations\_en_US.ts">
      <Filter>Translation Files</Filter>
    </QtTranslation>
  </ItemGroup>
</Project>