<?xml version="1.0" encoding="utf-8"?>
<Project ToolsVersion="4.0" xmlns="http://schemas.microsoft.com/developer/msbuild/2003">
  <ItemGroup>
    <Filter Include="Source Files">
      <UniqueIdentifier>{4FC737F1-C7A5-4376-A066-2A32D752A2FF}</UniqueIdentifier>
      <Extensions>qml;cpp;c;cc;cxx;def;odl;idl;hpj;bat;asm;asmx</Extensions>
    </Filter>
    <Filter Include="Header Files">
      <UniqueIdentifier>{93995380-89BD-4b04-88EB-625FBE52EBFB}</UniqueIdentifier>
      <Extensions>h;hh;hpp;hxx;hm;inl;inc;xsd</Extensions>
    </Filter>
    <Filter Include="Form Files">
      <UniqueIdentifier>{99349809-55BA-4b9d-BF79-8FDBB0286EB3}</UniqueIdentifier>
      <Extensions>ui</Extensions>
    </Filter>
    <Filter Include="Translation Files">
      <UniqueIdentifier>{639EADAA-A684-42e4-A9AD-28FC9BCB8F7C}</UniqueIdentifier>
      <Extensions>ts</Extensions>
    </Filter>
    <Filter Include="Custom Qt Files">
      <UniqueIdentifier>{09c25faf-52f9-4ccb-b9a9-b26dbbc8ec97}</UniqueIdentifier>
    </Filter>
    <Filter Include="Resource Files">
      <UniqueIdentifier>{67DA6AB6-F800-4c08-8B7A-83BB121AAD01}</UniqueIdentifier>
      <Extensions>qrc;rc;ico;cur;bmp;dlg;rc2;rct;bin;rgs;gif;jpg;jpeg;jpe;resx;tiff;tif;png;wav;mfcribbon-ms</Extensions>
    </Filter>
    <Filter Include="Minecraft">
      <UniqueIdentifier>{c0a20697-8c72-4604-b121-5dcd320c5596}</UniqueIdentifier>
    </Filter>
  </ItemGroup>
  <ItemGroup>
    <ClCompile Include="main.cpp">
      <Filter>Source Files</Filter>
    </ClCompile>
    <ClCompile Include="Callbacks\CallbackDict.cpp">
      <Filter>Source Files</Filter>
    </ClCompile>
    <ClCompile Include="Web\DownloadClasses.cpp">
      <Filter>Source Files</Filter>
    </ClCompile>
    <ClCompile Include="Databases\SQLBased.cpp">
      <Filter>Source Files</Filter>
    </ClCompile>
    <ClCompile Include="Minecraft\Mods.cpp">
      <Filter>Source Files</Filter>
    </ClCompile>
    <ClCompile Include="basic_xml.cpp">
      <Filter>Source Files</Filter>
    </ClCompile>
    <ClCompile Include="QObjects\Threads\FunThread.cpp">
      <Filter>Source Files</Filter>
    </ClCompile>
    <ClCompile Include="Archives\Archives.cpp">
      <Filter>Source Files</Filter>
    </ClCompile>
    <ClCompile Include="Moc\Logger\MocIOStream.cpp">
      <Filter>Source Files</Filter>
    </ClCompile>
    <ClCompile Include="QObjects\HoveredFrame.cpp">
      <Filter>Custom Qt Files</Filter>
    </ClCompile>
    <ClCompile Include="Form\ServerChangerForm.cpp">
      <Filter>Custom Qt Files</Filter>
    </ClCompile>
    <ClCompile Include="Form\SettingsDialog.cpp">
      <Filter>Custom Qt Files</Filter>
    </ClCompile>
    <ClCompile Include="QObjects\SomSlider.cpp">
      <Filter>Custom Qt Files</Filter>
    </ClCompile>
    <ClCompile Include="Form\ServerWidget.cpp">
      <Filter>Custom Qt Files</Filter>
    </ClCompile>
    <ClCompile Include="QObjects\ClickableLabel.cpp">
      <Filter>Custom Qt Files</Filter>
    </ClCompile>
    <ClCompile Include="Form\SomLauncherMainWindow.cpp">
      <Filter>Custom Qt Files</Filter>
    </ClCompile>
    <ClCompile Include="Form\MainWindowExtensions.cpp">
      <Filter>Custom Qt Files</Filter>
    </ClCompile>
    <ClCompile Include="Servers\ServerTypes.cpp">
      <Filter>Source Files</Filter>
    </ClCompile>
    <ClCompile Include="Upgrader.cpp">
      <Filter>Source Files</Filter>
    </ClCompile>
    <ClCompile Include="Exceptions\FileOutsideMinecraftDirectoryException.cpp">
      <Filter>Source Files</Filter>
    </ClCompile>
    <ClCompile Include="QObjects\Images\ImageEditing.cpp">
      <Filter>Source Files</Filter>
    </ClCompile>
    <ClCompile Include="QObjects\SignalLabel.cpp">
      <Filter>Custom Qt Files</Filter>
    </ClCompile>
    <ClCompile Include="Minecraft\Minecraftus.cpp">
      <Filter>Minecraft</Filter>
    </ClCompile>
    <ClCompile Include="Minecraft\CommandBuilder.cpp">
      <Filter>Minecraft</Filter>
    </ClCompile>
    <ClCompile Include="Minecraft\NativesInstaller.cpp">
      <Filter>Source Files</Filter>
    </ClCompile>
    <ClCompile Include="Form\LoginAccountForm.cpp">
      <Filter>Custom Qt Files</Filter>
    </ClCompile>
    <ClCompile Include="Form\NewsViewWidget.cpp">
      <Filter>Custom Qt Files</Filter>
    </ClCompile>
    <ClCompile Include="Form\SingleNewsItemWidget.cpp">
      <Filter>Custom Qt Files</Filter>
    </ClCompile>
    <ClCompile Include="Client\StartProcess.cpp">
      <Filter>Source Files</Filter>
    </ClCompile>
    <ClCompile Include="Form\TopSlideFrameWidget.cpp">
      <Filter>Custom Qt Files</Filter>
    </ClCompile>
    <ClCompile Include="Encryption\PBKDF2SHA256.cpp">
      <Filter>Source Files</Filter>
    </ClCompile>
    <ClCompile Include="Minecraft\Servers\ServerDatConfiguration.cpp">
      <Filter>Minecraft</Filter>
    </ClCompile>
    <ClCompile Include="Encryption\LZMA\LzmaDecompress.cpp">
      <Filter>Source Files</Filter>
    </ClCompile>
    <ClCompile Include="Minecraft\Game\LibrariesDownloadInfo.cpp">
      <Filter>Minecraft</Filter>
    </ClCompile>
    <ClCompile Include="Minecraft\Game\LibraryDownloadInfo.cpp">
      <Filter>Minecraft</Filter>
    </ClCompile>
    <ClCompile Include="Minecraft\Game\Library.cpp">
      <Filter>Minecraft</Filter>
    </ClCompile>
    <ClCompile Include="Minecraft\Game\Artifact.cpp">
      <Filter>Minecraft</Filter>
    </ClCompile>
    <ClCompile Include="Minecraft\Game\CompatibilityRule.cpp">
      <Filter>Minecraft</Filter>
    </ClCompile>
    <ClCompile Include="Minecraft\Game\DownloadInfo.cpp">
      <Filter>Minecraft</Filter>
    </ClCompile>
    <ClCompile Include="Minecraft\Game\ExtractRules.cpp">
      <Filter>Minecraft</Filter>
    </ClCompile>
    <ClCompile Include="Minecraft\Game\Command\Arguments.cpp">
      <Filter>Minecraft</Filter>
    </ClCompile>
    <ClCompile Include="Minecraft\Game\Command\RuledArgument.cpp">
      <Filter>Minecraft</Filter>
    </ClCompile>
    <ClCompile Include="Minecraft\Game\Command\StringArgument.cpp">
      <Filter>Minecraft</Filter>
    </ClCompile>
    <ClCompile Include="Minecraft\Utils\Auth\AuthInfo.cpp">
      <Filter>Minecraft</Filter>
    </ClCompile>
    <ClCompile Include="Minecraft\Game\OSRestriction.cpp">
      <Filter>Minecraft</Filter>
    </ClCompile>
    <ClCompile Include="Minecraft\Utils\Validation.cpp">
      <Filter>Minecraft</Filter>
    </ClCompile>
    <ClCompile Include="Minecraft\Game\LoggingInfo.cpp">
      <Filter>Minecraft</Filter>
    </ClCompile>
    <ClCompile Include="Minecraft\Game\IdDownloadInfo.cpp">
      <Filter>Minecraft</Filter>
    </ClCompile>
    <ClCompile Include="Minecraft\Game\ReleaseType.cpp">
      <Filter>Minecraft</Filter>
    </ClCompile>
    <ClCompile Include="Minecraft\Version.cpp">
      <Filter>Minecraft</Filter>
    </ClCompile>
    <ClCompile Include="Minecraft\Game\GameJavaVersion.cpp">
      <Filter>Minecraft</Filter>
    </ClCompile>
    <ClCompile Include="Minecraft\Game\AssetIndexInfo.cpp">
      <Filter>Minecraft</Filter>
    </ClCompile>
  </ItemGroup>
  <ItemGroup>
    <ClInclude Include="resource.h">
      <Filter>Header Files</Filter>
    </ClInclude>
    <ClInclude Include="Web\DownloadClasses.h">
      <Filter>Header Files</Filter>
    </ClInclude>
    <ClInclude Include="Databases\SQLBased.h">
      <Filter>Header Files</Filter>
    </ClInclude>
    <ClInclude Include="Minecraft\Mods.h">
      <Filter>Header Files</Filter>
    </ClInclude>
    <ClInclude Include="basic_xml.h">
      <Filter>Header Files</Filter>
    </ClInclude>
    <ClInclude Include="Archives\Archives.h">
      <Filter>Header Files</Filter>
    </ClInclude>
    <ClInclude Include="Moc\Logger\MocIOStream.h">
      <Filter>Header Files</Filter>
    </ClInclude>
    <ClInclude Include="Archives\qzipreader_p.h">
      <Filter>Header Files</Filter>
    </ClInclude>
    <ClInclude Include="Archives\qzipwriter_p.h">
      <Filter>Header Files</Filter>
    </ClInclude>
    <ClInclude Include="QObjects\SomSlider.h">
      <Filter>Custom Qt Files</Filter>
    </ClInclude>
    <ClInclude Include="Servers\ServerTypes.h">
      <Filter>Header Files</Filter>
    </ClInclude>
    <ClInclude Include="Upgrader.h">
      <Filter>Header Files</Filter>
    </ClInclude>
    <ClInclude Include="Hashes\sha1.h">
      <Filter>Header Files</Filter>
    </ClInclude>
    <ClInclude Include="Exceptions\FileOutsideMinecraftDirectoryException.h">
      <Filter>Header Files</Filter>
    </ClInclude>
    <ClInclude Include="Exceptions\TerminateProgrammException.h">
      <Filter>Header Files</Filter>
    </ClInclude>
    <ClInclude Include="QObjects\Images\ImageEditing.h">
      <Filter>Custom Qt Files</Filter>
    </ClInclude>
    <ClInclude Include="Callbacks\CallbackDict.h">
      <Filter>Header Files</Filter>
    </ClInclude>
    <ClInclude Include="Minecraft\Utils\StringUtils.h">
      <Filter>Header Files</Filter>
    </ClInclude>
    <ClInclude Include="Minecraft\Utils\JavaVersion.h">
      <Filter>Minecraft</Filter>
    </ClInclude>
    <ClInclude Include="Minecraft\Minecraftus.h">
      <Filter>Minecraft</Filter>
    </ClInclude>
    <ClInclude Include="Minecraft\MinecraftOptions.h">
      <Filter>Minecraft</Filter>
    </ClInclude>
    <ClInclude Include="Minecraft\CommandBuilder.h">
      <Filter>Minecraft</Filter>
    </ClInclude>
    <ClInclude Include="Minecraft\Game\CompatibilityRule.h">
      <Filter>Minecraft</Filter>
    </ClInclude>
    <ClInclude Include="Minecraft\Game\OSRestriction.h">
      <Filter>Minecraft</Filter>
    </ClInclude>
    <ClInclude Include="Minecraft\Utils\Platform\OperatingSystem.h">
      <Filter>Minecraft</Filter>
    </ClInclude>
    <ClInclude Include="Minecraft\Utils\Lang.h">
      <Filter>Minecraft</Filter>
    </ClInclude>
    <ClInclude Include="Minecraft\Utils\Auth\AuthInfo.h">
      <Filter>Minecraft</Filter>
    </ClInclude>
    <ClInclude Include="Minecraft\Version.h">
      <Filter>Minecraft</Filter>
    </ClInclude>
    <ClInclude Include="Minecraft\Game\Library.h">
      <Filter>Minecraft</Filter>
    </ClInclude>
    <ClInclude Include="Minecraft\Utils\Validation.h">
      <Filter>Minecraft</Filter>
    </ClInclude>
    <ClInclude Include="Minecraft\Game\Artifact.h">
      <Filter>Minecraft</Filter>
    </ClInclude>
    <ClInclude Include="Minecraft\Game\LibrariesDownloadInfo.h">
      <Filter>Minecraft</Filter>
    </ClInclude>
    <ClInclude Include="Minecraft\Game\LibraryDownloadInfo.h">
      <Filter>Minecraft</Filter>
    </ClInclude>
    <ClInclude Include="Minecraft\Game\DownloadInfo.h">
      <Filter>Minecraft</Filter>
    </ClInclude>
    <ClInclude Include="Minecraft\Game\ExtractRules.h">
      <Filter>Minecraft</Filter>
    </ClInclude>
    <ClInclude Include="Minecraft\NativesInstaller.h">
      <Filter>Header Files</Filter>
    </ClInclude>
    <ClInclude Include="Client\StartProcess.h">
      <Filter>Header Files</Filter>
    </ClInclude>
    <ClInclude Include="Encryption\PBKDF2SHA256.h">
      <Filter>Header Files</Filter>
    </ClInclude>
    <ClInclude Include="Minecraft\Servers\ServerDatConfiguration.h">
      <Filter>Minecraft</Filter>
    </ClInclude>
    <ClInclude Include="Encryption\LZMA\LzmaDecompress.h">
      <Filter>Header Files</Filter>
    </ClInclude>
    <ClInclude Include="Minecraft\Game\Argument.h">
      <Filter>Header Files</Filter>
    </ClInclude>
    <ClInclude Include="Minecraft\Game\Arguments.h">
      <Filter>Header Files</Filter>
    </ClInclude>
    <ClInclude Include="Minecraft\Game\RuledArgument.h">
      <Filter>Header Files</Filter>
    </ClInclude>
    <ClInclude Include="Minecraft\Game\StringArgument.h">
      <Filter>Header Files</Filter>
    </ClInclude>
    <ClInclude Include="Minecraft\Game\Command\Argument.h">
      <Filter>Minecraft</Filter>
    </ClInclude>
    <ClInclude Include="Minecraft\Game\Command\Arguments.h">
      <Filter>Minecraft</Filter>
    </ClInclude>
    <ClInclude Include="Minecraft\Game\Command\RuledArgument.h">
      <Filter>Minecraft</Filter>
    </ClInclude>
    <ClInclude Include="Minecraft\Game\Command\StringArgument.h">
      <Filter>Minecraft</Filter>
    </ClInclude>
    <ClInclude Include="Minecraft\Game\DownloadType.h">
      <Filter>Minecraft</Filter>
    </ClInclude>
    <ClInclude Include="Minecraft\Game\LoggingInfo.h">
      <Filter>Minecraft</Filter>
    </ClInclude>
    <ClInclude Include="Minecraft\Game\IdDownloadInfo.h">
      <Filter>Minecraft</Filter>
    </ClInclude>
    <ClInclude Include="Minecraft\Game\ReleaseType.h">
      <Filter>Minecraft</Filter>
    </ClInclude>
    <ClInclude Include="Minecraft\Game\GameJavaVersion.h">
      <Filter>Minecraft</Filter>
    </ClInclude>
    <ClInclude Include="Minecraft\Game\AssetIndexInfo.h">
      <Filter>Minecraft</Filter>
    </ClInclude>
    <ClInclude Include="Minecraft\Utils\Constants.h">
      <Filter>Minecraft</Filter>
    </ClInclude>
    <ClInclude Include="Minecraft\Game\VersionProvider.h">
      <Filter>Minecraft</Filter>
    </ClInclude>
  </ItemGroup>
  <ItemGroup>
    <None Include="all.json" />
    <None Include="DATA.json" />
    <None Include="SERVERS.json" />
    <None Include="TODO_List.md" />
    <None Include="cpp.hint" />
    <None Include="SomLauncherCpp.pro" />
    <None Include="SOMCONFIG_template.json" />
    <None Include="resources\StyleSheets\Wstartpage_modyfied.qss">
      <Filter>Resource Files</Filter>
    </None>
  </ItemGroup>
  <ItemGroup>
    <QtMoc Include="QObjects\Threads\FunThread.h">
      <Filter>Header Files</Filter>
    </QtMoc>
    <QtMoc Include="QObjects\HoveredFrame.h">
      <Filter>Custom Qt Files</Filter>
    </QtMoc>
    <QtMoc Include="QObjects\ClickableLabel.h">
      <Filter>Custom Qt Files</Filter>
    </QtMoc>
    <QtMoc Include="Form\ServerChangerForm.h">
      <Filter>Custom Qt Files</Filter>
    </QtMoc>
    <QtMoc Include="Form\ServerWidget.h">
      <Filter>Custom Qt Files</Filter>
    </QtMoc>
    <QtMoc Include="Form\SettingsDialog.h">
      <Filter>Custom Qt Files</Filter>
    </QtMoc>
    <QtMoc Include="Form\SomLauncherMainWindow.h">
      <Filter>Custom Qt Files</Filter>
    </QtMoc>
    <QtMoc Include="QObjects\SignalLabel.h">
      <Filter>Custom Qt Files</Filter>
    </QtMoc>
    <QtMoc Include="Form\LoginAccountForm.h">
      <Filter>Custom Qt Files</Filter>
    </QtMoc>
    <QtMoc Include="Form\NewsViewWidget.h">
      <Filter>Custom Qt Files</Filter>
    </QtMoc>
    <QtMoc Include="Form\SingleNewsItemWidget.h">
      <Filter>Custom Qt Files</Filter>
    </QtMoc>
    <QtMoc Include="Form\TopSlideFrameWidget.h">
      <Filter>Custom Qt Files</Filter>
    </QtMoc>
  </ItemGroup>
  <ItemGroup>
    <QtUic Include="Form\SomLauncherMainWindow.ui">
      <Filter>Form Files</Filter>
    </QtUic>
    <QtUic Include="Form\ServerChangerForm.ui">
      <Filter>Form Files</Filter>
    </QtUic>
    <QtUic Include="Form\ServerWidget.ui">
      <Filter>Form Files</Filter>
    </QtUic>
    <QtUic Include="Form\SettingsDialog.ui">
      <Filter>Form Files</Filter>
    </QtUic>
    <QtUic Include="Form\LoginAccountForm.ui">
      <Filter>Form Files</Filter>
    </QtUic>
    <QtUic Include="Form\NewsViewWidget.ui">
      <Filter>Form Files</Filter>
    </QtUic>
    <QtUic Include="Form\SingleNewsItemWidget.ui">
      <Filter>Form Files</Filter>
    </QtUic>
    <QtUic Include="Form\TopSlideFrameWidget.ui">
      <Filter>Form Files</Filter>
    </QtUic>
  </ItemGroup>
  <ItemGroup>
    <Image Include="resources\som.ico">
      <Filter>Resource Files</Filter>
    </Image>
    <Image Include="resources\som.png">
      <Filter>Resource Files</Filter>
    </Image>
  </ItemGroup>
</Project>