<?xml version="1.0" encoding="utf-8"?>
<Project ToolsVersion="4.0" xmlns="http://schemas.microsoft.com/developer/msbuild/2003">
  <ItemGroup>
    <Filter Include="Source Files">
      <UniqueIdentifier>{4FC737F1-C7A5-4376-A066-2A32D752A2FF}</UniqueIdentifier>
      <Extensions>qml;cpp;c;cc;cxx;def;odl;idl;hpj;bat;asm;asmx</Extensions>
    </Filter>
    <Filter Include="Header Files">
      <UniqueIdentifier>{93995380-89BD-4b04-88EB-625FBE52EBFB}</UniqueIdentifier>
      <Extensions>h;hh;hpp;hxx;hm;inl;inc;xsd</Extensions>
    </Filter>
    <Filter Include="Form Files">
      <UniqueIdentifier>{99349809-55BA-4b9d-BF79-8FDBB0286EB3}</UniqueIdentifier>
      <Extensions>ui</Extensions>
    </Filter>
    <Filter Include="Translation Files">
      <UniqueIdentifier>{639EADAA-A684-42e4-A9AD-28FC9BCB8F7C}</UniqueIdentifier>
      <Extensions>ts</Extensions>
    </Filter>
    <Filter Include="Custom Qt Files">
      <UniqueIdentifier>{09c25faf-52f9-4ccb-b9a9-b26dbbc8ec97}</UniqueIdentifier>
    </Filter>
    <Filter Include="Resource Files">
      <UniqueIdentifier>{67DA6AB6-F800-4c08-8B7A-83BB121AAD01}</UniqueIdentifier>
      <Extensions>qrc;rc;ico;cur;bmp;dlg;rc2;rct;bin;rgs;gif;jpg;jpeg;jpe;resx;tiff;tif;png;wav;mfcribbon-ms</Extensions>
    </Filter>
    <Filter Include="Minecraft">
      <UniqueIdentifier>{c0a20697-8c72-4604-b121-5dcd320c5596}</UniqueIdentifier>
    </Filter>
    <Filter Include="Minecraft\launch">
      <UniqueIdentifier>{774e0126-9219-494d-bdb8-c4d3524aad66}</UniqueIdentifier>
    </Filter>
    <Filter Include="Minecraft\settings">
      <UniqueIdentifier>{4b40edda-f1b2-4005-a650-7b998c6867e4}</UniqueIdentifier>
    </Filter>
    <Filter Include="Minecraft\auth">
      <UniqueIdentifier>{87871a12-ca21-4af5-8d7d-d97432d14540}</UniqueIdentifier>
    </Filter>
    <Filter Include="Minecraft\auth\flows">
      <UniqueIdentifier>{7fbf27e0-86f4-4c3a-8d93-5cfa9c045f4a}</UniqueIdentifier>
    </Filter>
    <Filter Include="Minecraft\launch\task">
      <UniqueIdentifier>{f95d63e6-2adf-4da0-b4e7-e20f09bf7977}</UniqueIdentifier>
    </Filter>
    <Filter Include="Minecraft\updater">
      <UniqueIdentifier>{ec8c1c7d-1bb1-42b6-9b8e-f80159f2d859}</UniqueIdentifier>
    </Filter>
    <Filter Include="Minecraft\Net">
      <UniqueIdentifier>{8c62ad0a-5409-4db2-a070-66230b6d24cc}</UniqueIdentifier>
    </Filter>
    <Filter Include="Minecraft\buildconfig">
      <UniqueIdentifier>{b89b33a7-8bab-4917-8372-a3d137eca217}</UniqueIdentifier>
    </Filter>
    <Filter Include="Minecraft\auth\steps">
      <UniqueIdentifier>{1eb26145-fcdb-4366-bf3a-73932b6490fe}</UniqueIdentifier>
    </Filter>
    <Filter Include="Minecraft\PathMatcher">
      <UniqueIdentifier>{94b7d204-8943-4f7a-80e1-df013d00ad88}</UniqueIdentifier>
    </Filter>
    <Filter Include="Minecraft\Tools">
      <UniqueIdentifier>{fe4ad637-bef3-4799-9b28-5731dc1b3f00}</UniqueIdentifier>
    </Filter>
    <Filter Include="Minecraft\Java">
      <UniqueIdentifier>{d3eb2604-ce2c-4201-b87b-279cb21a9aca}</UniqueIdentifier>
    </Filter>
    <Filter Include="Minecraft\Ui">
      <UniqueIdentifier>{bc13de45-850a-43c2-aab3-be8d7efaf977}</UniqueIdentifier>
    </Filter>
    <Filter Include="Minecraft\Ui\Dialogs">
      <UniqueIdentifier>{88e56f8a-51a4-431b-afa9-45a7d45afcd9}</UniqueIdentifier>
    </Filter>
    <Filter Include="Minecraft\launch\Steps">
      <UniqueIdentifier>{f7487b9a-2564-4f74-9f38-d430deba46a3}</UniqueIdentifier>
    </Filter>
    <Filter Include="Minecraft\Ui\Pages">
      <UniqueIdentifier>{4dd29aff-9b6e-478d-9521-55cd3c2c1d13}</UniqueIdentifier>
    </Filter>
  </ItemGroup>
  <ItemGroup>
    <ClCompile Include="main.cpp">
      <Filter>Source Files</Filter>
    </ClCompile>
    <ClCompile Include="Callbacks\CallbackDict.cpp">
      <Filter>Source Files</Filter>
    </ClCompile>
    <ClCompile Include="Web\DownloadClasses.cpp">
      <Filter>Source Files</Filter>
    </ClCompile>
    <ClCompile Include="Databases\SQLBased.cpp">
      <Filter>Source Files</Filter>
    </ClCompile>
    <ClCompile Include="basic_xml.cpp">
      <Filter>Source Files</Filter>
    </ClCompile>
    <ClCompile Include="QObjects\Threads\FunThread.cpp">
      <Filter>Source Files</Filter>
    </ClCompile>
    <ClCompile Include="Archives\Archives.cpp">
      <Filter>Source Files</Filter>
    </ClCompile>
    <ClCompile Include="Moc\Logger\MocIOStream.cpp">
      <Filter>Source Files</Filter>
    </ClCompile>
    <ClCompile Include="QObjects\HoveredFrame.cpp">
      <Filter>Custom Qt Files</Filter>
    </ClCompile>
    <ClCompile Include="Form\ServerChangerForm.cpp">
      <Filter>Custom Qt Files</Filter>
    </ClCompile>
    <ClCompile Include="Form\SettingsDialog.cpp">
      <Filter>Custom Qt Files</Filter>
    </ClCompile>
    <ClCompile Include="QObjects\SomSlider.cpp">
      <Filter>Custom Qt Files</Filter>
    </ClCompile>
    <ClCompile Include="Form\ServerWidget.cpp">
      <Filter>Custom Qt Files</Filter>
    </ClCompile>
    <ClCompile Include="QObjects\ClickableLabel.cpp">
      <Filter>Custom Qt Files</Filter>
    </ClCompile>
    <ClCompile Include="Form\SomLauncherMainWindow.cpp">
      <Filter>Custom Qt Files</Filter>
    </ClCompile>
    <ClCompile Include="Form\MainWindowExtensions.cpp">
      <Filter>Custom Qt Files</Filter>
    </ClCompile>
    <ClCompile Include="Servers\ServerTypes.cpp">
      <Filter>Source Files</Filter>
    </ClCompile>
    <ClCompile Include="Upgrader.cpp">
      <Filter>Source Files</Filter>
    </ClCompile>
    <ClCompile Include="Exceptions\FileOutsideMinecraftDirectoryException.cpp">
      <Filter>Source Files</Filter>
    </ClCompile>
    <ClCompile Include="QObjects\Images\ImageEditing.cpp">
      <Filter>Source Files</Filter>
    </ClCompile>
    <ClCompile Include="QObjects\SignalLabel.cpp">
      <Filter>Custom Qt Files</Filter>
    </ClCompile>
    <ClCompile Include="Minecraft\Minecraftus.cpp">
      <Filter>Minecraft</Filter>
    </ClCompile>
    <ClCompile Include="Minecraft\CommandBuilder.cpp">
      <Filter>Minecraft</Filter>
    </ClCompile>
    <ClCompile Include="Minecraft\NativesInstaller.cpp">
      <Filter>Source Files</Filter>
    </ClCompile>
    <ClCompile Include="Form\LoginAccountForm.cpp">
      <Filter>Custom Qt Files</Filter>
    </ClCompile>
    <ClCompile Include="Form\NewsViewWidget.cpp">
      <Filter>Custom Qt Files</Filter>
    </ClCompile>
    <ClCompile Include="Form\SingleNewsItemWidget.cpp">
      <Filter>Custom Qt Files</Filter>
    </ClCompile>
    <ClCompile Include="Client\StartProcess.cpp">
      <Filter>Source Files</Filter>
    </ClCompile>
    <ClCompile Include="Form\TopSlideFrameWidget.cpp">
      <Filter>Custom Qt Files</Filter>
    </ClCompile>
    <ClCompile Include="Encryption\PBKDF2SHA256.cpp">
      <Filter>Source Files</Filter>
    </ClCompile>
    <ClCompile Include="Minecraft\Servers\ServerDatConfiguration.cpp">
      <Filter>Minecraft</Filter>
    </ClCompile>
    <ClCompile Include="Encryption\LZMA\LzmaDecompress.cpp">
      <Filter>Source Files</Filter>
    </ClCompile>
    <ClCompile Include="Minecraft\Game\LibrariesDownloadInfo.cpp">
      <Filter>Minecraft</Filter>
    </ClCompile>
    <ClCompile Include="Minecraft\Game\LibraryDownloadInfo.cpp">
      <Filter>Minecraft</Filter>
    </ClCompile>
    <ClCompile Include="Minecraft\Game\Library.cpp">
      <Filter>Minecraft</Filter>
    </ClCompile>
    <ClCompile Include="Minecraft\Game\Artifact.cpp">
      <Filter>Minecraft</Filter>
    </ClCompile>
    <ClCompile Include="Minecraft\Game\CompatibilityRule.cpp">
      <Filter>Minecraft</Filter>
    </ClCompile>
    <ClCompile Include="Minecraft\Game\DownloadInfo.cpp">
      <Filter>Minecraft</Filter>
    </ClCompile>
    <ClCompile Include="Minecraft\Game\ExtractRules.cpp">
      <Filter>Minecraft</Filter>
    </ClCompile>
    <ClCompile Include="Minecraft\Game\Command\Arguments.cpp">
      <Filter>Minecraft</Filter>
    </ClCompile>
    <ClCompile Include="Minecraft\Game\Command\RuledArgument.cpp">
      <Filter>Minecraft</Filter>
    </ClCompile>
    <ClCompile Include="Minecraft\Game\Command\StringArgument.cpp">
      <Filter>Minecraft</Filter>
    </ClCompile>
    <ClCompile Include="Minecraft\Utils\Auth\AuthInfo.cpp">
      <Filter>Minecraft</Filter>
    </ClCompile>
    <ClCompile Include="Minecraft\Game\OSRestriction.cpp">
      <Filter>Minecraft</Filter>
    </ClCompile>
    <ClCompile Include="Minecraft\Utils\Validation.cpp">
      <Filter>Minecraft</Filter>
    </ClCompile>
    <ClCompile Include="Minecraft\Game\LoggingInfo.cpp">
      <Filter>Minecraft</Filter>
    </ClCompile>
    <ClCompile Include="Minecraft\Game\IdDownloadInfo.cpp">
      <Filter>Minecraft</Filter>
    </ClCompile>
    <ClCompile Include="Minecraft\Game\ReleaseType.cpp">
      <Filter>Minecraft</Filter>
    </ClCompile>
    <ClCompile Include="Minecraft\Version.cpp">
      <Filter>Minecraft</Filter>
    </ClCompile>
    <ClCompile Include="Minecraft\Game\GameJavaVersion.cpp">
      <Filter>Minecraft</Filter>
    </ClCompile>
    <ClCompile Include="Minecraft\Game\AssetIndexInfo.cpp">
      <Filter>Minecraft</Filter>
    </ClCompile>
    <ClCompile Include="Minecraft\Utils\Platform\OperatingSystem.cpp">
      <Filter>Minecraft</Filter>
    </ClCompile>
    <ClCompile Include="Minecraft\Mods.cpp">
      <Filter>Minecraft</Filter>
    </ClCompile>
    <ClCompile Include="Minecraft\Launch\Task\Task.cpp">
      <Filter>Minecraft\launch\task</Filter>
    </ClCompile>
    <ClCompile Include="Minecraft\Launch\DefaultLaunch.cpp">
      <Filter>Minecraft\launch</Filter>
    </ClCompile>
    <ClCompile Include="Minecraft\Settings\Setting.cpp">
      <Filter>Minecraft\settings</Filter>
    </ClCompile>
    <ClCompile Include="Minecraft\Settings\PassthroughSetting.cpp">
      <Filter>Minecraft\settings</Filter>
    </ClCompile>
    <ClCompile Include="Minecraft\Settings\OverrideSetting.cpp">
      <Filter>Minecraft\settings</Filter>
    </ClCompile>
    <ClCompile Include="Minecraft\Settings\SettingsObject.cpp">
      <Filter>Minecraft\settings</Filter>
    </ClCompile>
    <ClCompile Include="Minecraft\Settings\INIFile.cpp">
      <Filter>Minecraft\settings</Filter>
    </ClCompile>
    <ClCompile Include="Minecraft\Settings\INISettingsObject.cpp">
      <Filter>Minecraft\settings</Filter>
    </ClCompile>
    <ClCompile Include="Minecraft\BaseVersion.cpp">
      <Filter>Minecraft</Filter>
    </ClCompile>
    <ClCompile Include="Minecraft\BaseVersionList.cpp">
      <Filter>Minecraft</Filter>
    </ClCompile>
    <ClCompile Include="Minecraft\Auth\AuthSession.cpp">
      <Filter>Minecraft\auth</Filter>
    </ClCompile>
    <ClCompile Include="Minecraft\Usable.cpp">
      <Filter>Minecraft</Filter>
    </ClCompile>
    <ClCompile Include="Minecraft\Auth\AccountData.cpp">
      <Filter>Minecraft\auth</Filter>
    </ClCompile>
    <ClCompile Include="Minecraft\Auth\MinecraftAccount.cpp">
      <Filter>Minecraft\auth</Filter>
    </ClCompile>
    <ClCompile Include="Minecraft\Auth\AccountTask.cpp">
      <Filter>Minecraft\auth</Filter>
    </ClCompile>
    <ClCompile Include="Minecraft\Launch\QuickPlayTarget.cpp">
      <Filter>Minecraft\launch</Filter>
    </ClCompile>
    <ClCompile Include="Minecraft\Net\NetAction.cpp">
      <Filter>Minecraft\Net</Filter>
    </ClCompile>
    <ClCompile Include="Minecraft\Auth\Yggdrasil.cpp">
      <Filter>Minecraft\auth</Filter>
    </ClCompile>
    <ClCompile Include="Minecraft\Net\HttpMetaCache.cpp">
      <Filter>Minecraft\Net</Filter>
    </ClCompile>
    <ClCompile Include="Minecraft\Net\Sink.cpp">
      <Filter>Minecraft\Net</Filter>
    </ClCompile>
    <ClCompile Include="Minecraft\Net\Download.cpp">
      <Filter>Minecraft\Net</Filter>
    </ClCompile>
    <ClCompile Include="Minecraft\Net\ChecksumValidator.cpp">
      <Filter>Minecraft\Net</Filter>
    </ClCompile>
    <ClCompile Include="Minecraft\Net\FileSink.cpp">
      <Filter>Minecraft\Net</Filter>
    </ClCompile>
    <ClCompile Include="Minecraft\Net\MetaCacheSink.cpp">
      <Filter>Minecraft\Net</Filter>
    </ClCompile>
    <ClCompile Include="Minecraft\Net\ByteArraySink.cpp">
      <Filter>Minecraft\Net</Filter>
    </ClCompile>
    <ClCompile Include="Minecraft\BuildConfig\BuildConfig.cpp">
      <Filter>Minecraft\buildconfig</Filter>
    </ClCompile>
    <ClCompile Include="Minecraft\Net\NetJob.cpp">
      <Filter>Minecraft\Net</Filter>
    </ClCompile>
    <ClCompile Include="Minecraft\Updater\GoUpdate.cpp">
      <Filter>Minecraft\updater</Filter>
    </ClCompile>
    <ClCompile Include="Minecraft\Auth\AuthStep.cpp">
      <Filter>Minecraft\auth</Filter>
    </ClCompile>
    <ClCompile Include="Minecraft\Application.cpp">
      <Filter>Minecraft</Filter>
    </ClCompile>
    <ClCompile Include="Minecraft\Auth\Flows\AuthFlow.cpp">
      <Filter>Minecraft\auth\flows</Filter>
    </ClCompile>
    <ClCompile Include="Minecraft\Auth\Flows\MSA.cpp">
      <Filter>Minecraft\auth\flows</Filter>
    </ClCompile>
    <ClCompile Include="Minecraft\Auth\Steps\MSAStep.cpp">
      <Filter>Minecraft\auth\steps</Filter>
    </ClCompile>
    <ClCompile Include="Minecraft\Auth\Flows\Mojang.cpp">
      <Filter>Minecraft\auth\flows</Filter>
    </ClCompile>
    <ClCompile Include="Minecraft\MessageLevel.cpp">
      <Filter>Minecraft</Filter>
    </ClCompile>
    <ClCompile Include="Minecraft\Commandline.cpp">
      <Filter>Minecraft</Filter>
    </ClCompile>
    <ClCompile Include="Minecraft\Tools\BaseProfiler.cpp">
      <Filter>Minecraft\Tools</Filter>
    </ClCompile>
    <ClCompile Include="Minecraft\Tools\BaseExternalTool.cpp">
      <Filter>Minecraft\Tools</Filter>
    </ClCompile>
    <ClCompile Include="Minecraft\BaseInstance.cpp">
      <Filter>Minecraft</Filter>
    </ClCompile>
    <ClCompile Include="Minecraft\MMCStrings.cpp">
      <Filter>Minecraft</Filter>
    </ClCompile>
    <ClCompile Include="Minecraft\Java\JavaVersion.cpp">
      <Filter>Minecraft\Java</Filter>
    </ClCompile>
    <ClCompile Include="Minecraft\Java\JavaChecker.cpp">
      <Filter>Minecraft\Java</Filter>
    </ClCompile>
    <ClCompile Include="Minecraft\Java\JavaCheckerJob.cpp">
      <Filter>Minecraft\Java</Filter>
    </ClCompile>
    <ClCompile Include="Minecraft\Java\JavaInstall.cpp">
      <Filter>Minecraft\Java</Filter>
    </ClCompile>
    <ClCompile Include="Minecraft\ParseUtils.cpp">
      <Filter>Minecraft</Filter>
    </ClCompile>
    <ClCompile Include="Minecraft\VersionFilterData.cpp">
      <Filter>Minecraft</Filter>
    </ClCompile>
    <ClCompile Include="Minecraft\Java\JavaInstallList.cpp">
      <Filter>Minecraft\Java</Filter>
    </ClCompile>
    <ClCompile Include="Minecraft\LaunchController.cpp">
      <Filter>Minecraft</Filter>
    </ClCompile>
    <ClCompile Include="Minecraft\Java\JavaUtils.cpp">
      <Filter>Minecraft\Java</Filter>
    </ClCompile>
    <ClCompile Include="Minecraft\Launch\LaunchStep.cpp">
      <Filter>Minecraft\launch</Filter>
    </ClCompile>
    <ClCompile Include="Minecraft\Launch\LogModel.cpp">
      <Filter>Minecraft\launch</Filter>
    </ClCompile>
    <ClCompile Include="Minecraft\LoggedProcess.cpp">
      <Filter>Minecraft</Filter>
    </ClCompile>
    <ClCompile Include="Minecraft\Launch\LaunchTask.cpp">
      <Filter>Source Files</Filter>
    </ClCompile>
    <ClCompile Include="Minecraft\Ui\Dialogs\CustomMessageBox.cpp">
      <Filter>Minecraft\Ui\Dialogs</Filter>
    </ClCompile>
    <ClCompile Include="Minecraft\Ui\Dialogs\ProgressDialog.cpp">
      <Filter>Minecraft\Ui\Dialogs</Filter>
    </ClCompile>
    <ClCompile Include="Minecraft\Launch\Steps\TextPrint.cpp">
      <Filter>Minecraft\launch\Steps</Filter>
    </ClCompile>
    <ClCompile Include="Minecraft\JavaCommon.cpp">
      <Filter>Minecraft</Filter>
    </ClCompile>
    <ClCompile Include="Minecraft\Ui\InstanceWindow.cpp">
      <Filter>Minecraft\Ui</Filter>
    </ClCompile>
  </ItemGroup>
  <ItemGroup>
    <ClInclude Include="resource.h">
      <Filter>Header Files</Filter>
    </ClInclude>
    <ClInclude Include="Web\DownloadClasses.h">
      <Filter>Header Files</Filter>
    </ClInclude>
    <ClInclude Include="Databases\SQLBased.h">
      <Filter>Header Files</Filter>
    </ClInclude>
    <ClInclude Include="basic_xml.h">
      <Filter>Header Files</Filter>
    </ClInclude>
    <ClInclude Include="Archives\Archives.h">
      <Filter>Header Files</Filter>
    </ClInclude>
    <ClInclude Include="Moc\Logger\MocIOStream.h">
      <Filter>Header Files</Filter>
    </ClInclude>
    <ClInclude Include="Archives\qzipreader_p.h">
      <Filter>Header Files</Filter>
    </ClInclude>
    <ClInclude Include="Archives\qzipwriter_p.h">
      <Filter>Header Files</Filter>
    </ClInclude>
    <ClInclude Include="QObjects\SomSlider.h">
      <Filter>Custom Qt Files</Filter>
    </ClInclude>
    <ClInclude Include="Servers\ServerTypes.h">
      <Filter>Header Files</Filter>
    </ClInclude>
    <ClInclude Include="Upgrader.h">
      <Filter>Header Files</Filter>
    </ClInclude>
    <ClInclude Include="Hashes\sha1.h">
      <Filter>Header Files</Filter>
    </ClInclude>
    <ClInclude Include="Exceptions\FileOutsideMinecraftDirectoryException.h">
      <Filter>Header Files</Filter>
    </ClInclude>
    <ClInclude Include="Exceptions\TerminateProgrammException.h">
      <Filter>Header Files</Filter>
    </ClInclude>
    <ClInclude Include="QObjects\Images\ImageEditing.h">
      <Filter>Custom Qt Files</Filter>
    </ClInclude>
    <ClInclude Include="Callbacks\CallbackDict.h">
      <Filter>Header Files</Filter>
    </ClInclude>
    <ClInclude Include="Minecraft\Utils\JavaVersion.h">
      <Filter>Minecraft</Filter>
    </ClInclude>
    <ClInclude Include="Minecraft\Minecraftus.h">
      <Filter>Minecraft</Filter>
    </ClInclude>
    <ClInclude Include="Minecraft\MinecraftOptions.h">
      <Filter>Minecraft</Filter>
    </ClInclude>
    <ClInclude Include="Minecraft\CommandBuilder.h">
      <Filter>Minecraft</Filter>
    </ClInclude>
    <ClInclude Include="Minecraft\Game\CompatibilityRule.h">
      <Filter>Minecraft</Filter>
    </ClInclude>
    <ClInclude Include="Minecraft\Game\OSRestriction.h">
      <Filter>Minecraft</Filter>
    </ClInclude>
    <ClInclude Include="Minecraft\Utils\Platform\OperatingSystem.h">
      <Filter>Minecraft</Filter>
    </ClInclude>
    <ClInclude Include="Minecraft\Utils\Lang.h">
      <Filter>Minecraft</Filter>
    </ClInclude>
    <ClInclude Include="Minecraft\Utils\Auth\AuthInfo.h">
      <Filter>Minecraft</Filter>
    </ClInclude>
    <ClInclude Include="Minecraft\Version.h">
      <Filter>Minecraft</Filter>
    </ClInclude>
    <ClInclude Include="Minecraft\Game\Library.h">
      <Filter>Minecraft</Filter>
    </ClInclude>
    <ClInclude Include="Minecraft\Utils\Validation.h">
      <Filter>Minecraft</Filter>
    </ClInclude>
    <ClInclude Include="Minecraft\Game\Artifact.h">
      <Filter>Minecraft</Filter>
    </ClInclude>
    <ClInclude Include="Minecraft\Game\LibrariesDownloadInfo.h">
      <Filter>Minecraft</Filter>
    </ClInclude>
    <ClInclude Include="Minecraft\Game\LibraryDownloadInfo.h">
      <Filter>Minecraft</Filter>
    </ClInclude>
    <ClInclude Include="Minecraft\Game\DownloadInfo.h">
      <Filter>Minecraft</Filter>
    </ClInclude>
    <ClInclude Include="Minecraft\Game\ExtractRules.h">
      <Filter>Minecraft</Filter>
    </ClInclude>
    <ClInclude Include="Minecraft\NativesInstaller.h">
      <Filter>Header Files</Filter>
    </ClInclude>
    <ClInclude Include="Client\StartProcess.h">
      <Filter>Header Files</Filter>
    </ClInclude>
    <ClInclude Include="Encryption\PBKDF2SHA256.h">
      <Filter>Header Files</Filter>
    </ClInclude>
    <ClInclude Include="Minecraft\Servers\ServerDatConfiguration.h">
      <Filter>Minecraft</Filter>
    </ClInclude>
    <ClInclude Include="Encryption\LZMA\LzmaDecompress.h">
      <Filter>Header Files</Filter>
    </ClInclude>
    <ClInclude Include="Minecraft\Game\Command\Argument.h">
      <Filter>Minecraft</Filter>
    </ClInclude>
    <ClInclude Include="Minecraft\Game\Command\Arguments.h">
      <Filter>Minecraft</Filter>
    </ClInclude>
    <ClInclude Include="Minecraft\Game\Command\RuledArgument.h">
      <Filter>Minecraft</Filter>
    </ClInclude>
    <ClInclude Include="Minecraft\Game\Command\StringArgument.h">
      <Filter>Minecraft</Filter>
    </ClInclude>
    <ClInclude Include="Minecraft\Game\DownloadType.h">
      <Filter>Minecraft</Filter>
    </ClInclude>
    <ClInclude Include="Minecraft\Game\LoggingInfo.h">
      <Filter>Minecraft</Filter>
    </ClInclude>
    <ClInclude Include="Minecraft\Game\IdDownloadInfo.h">
      <Filter>Minecraft</Filter>
    </ClInclude>
    <ClInclude Include="Minecraft\Game\ReleaseType.h">
      <Filter>Minecraft</Filter>
    </ClInclude>
    <ClInclude Include="Minecraft\Game\GameJavaVersion.h">
      <Filter>Minecraft</Filter>
    </ClInclude>
    <ClInclude Include="Minecraft\Game\AssetIndexInfo.h">
      <Filter>Minecraft</Filter>
    </ClInclude>
    <ClInclude Include="Minecraft\Utils\Constants.h">
      <Filter>Minecraft</Filter>
    </ClInclude>
    <ClInclude Include="Minecraft\Game\VersionProvider.h">
      <Filter>Minecraft</Filter>
    </ClInclude>
    <ClInclude Include="Minecraft\Utils\Platform\Platform.h">
      <Filter>Minecraft</Filter>
    </ClInclude>
    <ClInclude Include="Minecraft\Utils\StringUtils.h">
      <Filter>Minecraft</Filter>
    </ClInclude>
    <ClInclude Include="Minecraft\Mods.h">
      <Filter>Minecraft</Filter>
    </ClInclude>
    <ClInclude Include="Minecraft\Launch\DefaultLaunch.h">
      <Filter>Minecraft\launch</Filter>
    </ClInclude>
    <ClInclude Include="Minecraft\Settings\INIFile.h">
      <Filter>Minecraft\settings</Filter>
    </ClInclude>
    <ClInclude Include="Minecraft\BaseVersionList.h">
      <Filter>Minecraft</Filter>
    </ClInclude>
    <ClInclude Include="Minecraft\BaseVersion.h">
      <Filter>Minecraft</Filter>
    </ClInclude>
    <ClInclude Include="Minecraft\Auth\AuthSession.h">
      <Filter>Minecraft\auth</Filter>
    </ClInclude>
    <ClInclude Include="Minecraft\Usable.h">
      <Filter>Minecraft</Filter>
    </ClInclude>
    <ClInclude Include="Minecraft\Auth\AccountData.h">
      <Filter>Minecraft\auth</Filter>
    </ClInclude>
    <ClInclude Include="Minecraft\Auth\Flows\MSA.h">
      <Filter>Minecraft\auth\flows</Filter>
    </ClInclude>
    <ClInclude Include="Minecraft\Auth\Flows\AuthFlow.h">
      <Filter>Minecraft\auth\flows</Filter>
    </ClInclude>
    <ClInclude Include="Minecraft\Auth\Yggdrasil.h">
      <Filter>Minecraft\auth</Filter>
    </ClInclude>
    <ClInclude Include="Minecraft\Application.h">
      <Filter>Minecraft</Filter>
    </ClInclude>
    <ClInclude Include="Minecraft\Launch\QuickPlayTarget.h">
      <Filter>Minecraft\launch</Filter>
    </ClInclude>
    <ClInclude Include="Minecraft\Updater\GoUpdate.h">
      <Filter>Minecraft\updater</Filter>
    </ClInclude>
    <ClInclude Include="Minecraft\Net\Validator.h">
      <Filter>Minecraft\Net</Filter>
    </ClInclude>
    <ClInclude Include="Minecraft\Net\Sink.h">
      <Filter>Minecraft\Net</Filter>
    </ClInclude>
    <ClInclude Include="Minecraft\Net\ChecksumValidator.h">
      <Filter>Minecraft\Net</Filter>
    </ClInclude>
    <ClInclude Include="Minecraft\Net\MetaCacheSink.h">
      <Filter>Minecraft\Net</Filter>
    </ClInclude>
    <ClInclude Include="Minecraft\Net\FileSink.h">
      <Filter>Minecraft\Net</Filter>
    </ClInclude>
    <ClInclude Include="Minecraft\Net\ByteArraySink.h">
      <Filter>Minecraft\Net</Filter>
    </ClInclude>
    <ClInclude Include="Minecraft\BuildConfig\BuildConfig.h">
      <Filter>Minecraft\buildconfig</Filter>
    </ClInclude>
    <ClInclude Include="Minecraft\Auth\Steps\MSAStep.h">
      <Filter>Minecraft\auth\steps</Filter>
    </ClInclude>
    <ClInclude Include="Minecraft\MessageLevel.h">
      <Filter>Minecraft</Filter>
    </ClInclude>
    <ClInclude Include="Minecraft\PathMatcher\IPathMatcher.h">
      <Filter>Minecraft\PathMatcher</Filter>
    </ClInclude>
    <ClInclude Include="Minecraft\Net\Mode.h">
      <Filter>Minecraft\Net</Filter>
    </ClInclude>
    <ClInclude Include="Minecraft\Commandline.h">
      <Filter>Minecraft</Filter>
    </ClInclude>
    <ClInclude Include="Minecraft\Tools\BaseExternalTool.h">
      <Filter>Minecraft\Tools</Filter>
    </ClInclude>
    <ClInclude Include="Minecraft\Java\JavaVersion.h">
      <Filter>Minecraft\Java</Filter>
    </ClInclude>
    <ClInclude Include="Minecraft\MMCStrings.h">
      <Filter>Minecraft</Filter>
    </ClInclude>
    <ClInclude Include="Minecraft\Java\JavaUtils.h">
      <Filter>Minecraft\Java</Filter>
    </ClInclude>
    <ClInclude Include="Minecraft\Java\JavaInstall.h">
      <Filter>Minecraft\Java</Filter>
    </ClInclude>
    <ClInclude Include="Minecraft\VersionFilterData.h">
      <Filter>Minecraft</Filter>
    </ClInclude>
    <ClInclude Include="Minecraft\ParseUtils.h">
      <Filter>Minecraft</Filter>
    </ClInclude>
    <ClInclude Include="Minecraft\Launch\LaunchStep.h">
      <Filter>Minecraft\launch</Filter>
    </ClInclude>
    <ClInclude Include="Minecraft\Launch\LogModel.h">
      <Filter>Minecraft\launch</Filter>
    </ClInclude>
    <ClInclude Include="Minecraft\LoggedProcess.h">
      <Filter>Minecraft</Filter>
    </ClInclude>
    <ClInclude Include="Minecraft\Ui\Dialogs\CustomMessageBox.h">
      <Filter>Minecraft\Ui\Dialogs</Filter>
    </ClInclude>
    <ClInclude Include="Minecraft\Ui\Dialogs\ProgressDialog.h">
      <Filter>Minecraft\Ui\Dialogs</Filter>
    </ClInclude>
    <ClInclude Include="Minecraft\Launch\Steps\TextPrint.h">
      <Filter>Minecraft\launch\Steps</Filter>
    </ClInclude>
    <ClInclude Include="Minecraft\QObjectPtr.h">
      <Filter>Minecraft</Filter>
    </ClInclude>
    <ClInclude Include="Minecraft\Ui\Pages\BasePageContainer.h">
      <Filter>Minecraft\Ui\Pages</Filter>
    </ClInclude>
  </ItemGroup>
  <ItemGroup>
    <None Include="all.json" />
    <None Include="DATA.json" />
    <None Include="SERVERS.json" />
    <None Include="TODO_List.md" />
    <None Include="cpp.hint" />
    <None Include="SomLauncherCpp.pro" />
    <None Include="SOMCONFIG_template.json" />
    <None Include="resources\StyleSheets\Wstartpage_modyfied.qss">
      <Filter>Resource Files</Filter>
    </None>
  </ItemGroup>
  <ItemGroup>
    <QtMoc Include="QObjects\Threads\FunThread.h">
      <Filter>Header Files</Filter>
    </QtMoc>
    <QtMoc Include="QObjects\HoveredFrame.h">
      <Filter>Custom Qt Files</Filter>
    </QtMoc>
    <QtMoc Include="QObjects\ClickableLabel.h">
      <Filter>Custom Qt Files</Filter>
    </QtMoc>
    <QtMoc Include="Form\ServerChangerForm.h">
      <Filter>Custom Qt Files</Filter>
    </QtMoc>
    <QtMoc Include="Form\ServerWidget.h">
      <Filter>Custom Qt Files</Filter>
    </QtMoc>
    <QtMoc Include="Form\SettingsDialog.h">
      <Filter>Custom Qt Files</Filter>
    </QtMoc>
    <QtMoc Include="Form\SomLauncherMainWindow.h">
      <Filter>Custom Qt Files</Filter>
    </QtMoc>
    <QtMoc Include="QObjects\SignalLabel.h">
      <Filter>Custom Qt Files</Filter>
    </QtMoc>
    <QtMoc Include="Form\LoginAccountForm.h">
      <Filter>Custom Qt Files</Filter>
    </QtMoc>
    <QtMoc Include="Form\NewsViewWidget.h">
      <Filter>Custom Qt Files</Filter>
    </QtMoc>
    <QtMoc Include="Form\SingleNewsItemWidget.h">
      <Filter>Custom Qt Files</Filter>
    </QtMoc>
    <QtMoc Include="Form\TopSlideFrameWidget.h">
      <Filter>Custom Qt Files</Filter>
    </QtMoc>
    <QtMoc Include="Minecraft\Launch\Task\Task.h">
      <Filter>Minecraft\launch\task</Filter>
    </QtMoc>
    <QtMoc Include="Minecraft\Launch\LaunchTask.h">
      <Filter>Minecraft\launch</Filter>
    </QtMoc>
    <QtMoc Include="Minecraft\BaseInstance.h">
      <Filter>Minecraft</Filter>
    </QtMoc>
    <QtMoc Include="Minecraft\Settings\SettingsObject.h">
      <Filter>Minecraft\settings</Filter>
    </QtMoc>
    <QtMoc Include="Minecraft\Settings\Setting.h">
      <Filter>Minecraft\settings</Filter>
    </QtMoc>
    <QtMoc Include="Minecraft\Settings\OverrideSetting.h">
      <Filter>Minecraft\settings</Filter>
    </QtMoc>
    <QtMoc Include="Minecraft\Settings\PassthroughSetting.h">
      <Filter>Minecraft\settings</Filter>
    </QtMoc>
    <QtMoc Include="Minecraft\Settings\INISettingsObject.h">
      <Filter>Minecraft\settings</Filter>
    </QtMoc>
    <QtMoc Include="Minecraft\Auth\AccountTask.h">
      <Filter>Minecraft\auth</Filter>
    </QtMoc>
    <QtMoc Include="Minecraft\Auth\Flows\Mojang.h">
      <Filter>Minecraft\auth\flows</Filter>
    </QtMoc>
    <QtMoc Include="Minecraft\Auth\AuthStep.h">
      <Filter>Minecraft\auth</Filter>
    </QtMoc>
    <QtMoc Include="Minecraft\Net\NetJob.h">
      <Filter>Minecraft\Net</Filter>
    </QtMoc>
    <QtMoc Include="Minecraft\Net\Download.h">
      <Filter>Minecraft\Net</Filter>
    </QtMoc>
    <QtMoc Include="Minecraft\Tools\BaseProfiler.h">
      <Filter>Minecraft\Tools</Filter>
    </QtMoc>
    <QtMoc Include="Minecraft\Net\HttpMetaCache.h">
      <Filter>Minecraft\Net</Filter>
    </QtMoc>
    <QtMoc Include="Minecraft\Java\JavaChecker.h">
      <Filter>Minecraft\Java</Filter>
    </QtMoc>
    <QtMoc Include="Minecraft\Java\JavaCheckerJob.h">
      <Filter>Minecraft\Java</Filter>
    </QtMoc>
    <QtMoc Include="Minecraft\JavaCommon.h">
      <Filter>Minecraft</Filter>
    </QtMoc>
    <QtMoc Include="Minecraft\Java\JavaInstallList.h">
      <Filter>Minecraft\Java</Filter>
    </QtMoc>
    <QtMoc Include="Minecraft\LaunchController.h">
      <Filter>Minecraft</Filter>
    </QtMoc>
    <QtMoc Include="Minecraft\Auth\MinecraftAccount.h">
      <Filter>Minecraft\auth</Filter>
    </QtMoc>
    <QtMoc Include="Minecraft\Net\NetAction.h">
      <Filter>Minecraft\Net</Filter>
    </QtMoc>
    <QtMoc Include="Minecraft\Ui\InstanceWindow.h">
      <Filter>Minecraft\Ui</Filter>
    </QtMoc>
  </ItemGroup>
  <ItemGroup>
    <QtUic Include="Form\SomLauncherMainWindow.ui">
      <Filter>Form Files</Filter>
    </QtUic>
    <QtUic Include="Form\ServerChangerForm.ui">
      <Filter>Form Files</Filter>
    </QtUic>
    <QtUic Include="Form\ServerWidget.ui">
      <Filter>Form Files</Filter>
    </QtUic>
    <QtUic Include="Form\SettingsDialog.ui">
      <Filter>Form Files</Filter>
    </QtUic>
    <QtUic Include="Form\LoginAccountForm.ui">
      <Filter>Form Files</Filter>
    </QtUic>
    <QtUic Include="Form\NewsViewWidget.ui">
      <Filter>Form Files</Filter>
    </QtUic>
    <QtUic Include="Form\SingleNewsItemWidget.ui">
      <Filter>Form Files</Filter>
    </QtUic>
    <QtUic Include="Form\TopSlideFrameWidget.ui">
      <Filter>Form Files</Filter>
    </QtUic>
    <QtUic Include="Minecraft\Ui\Dialogs\ProgressDialog.ui">
      <Filter>Form Files</Filter>
    </QtUic>
  </ItemGroup>
  <ItemGroup>
    <Image Include="resources\som.ico">
      <Filter>Resource Files</Filter>
    </Image>
    <Image Include="resources\som.png">
      <Filter>Resource Files</Filter>
    </Image>
  </ItemGroup>
</Project>